// !$*UTF8*$!
{
	archiveVersion = 1;
	classes = {
	};
	objectVersion = 51;
	objects = {

/* Begin PBXBuildFile section */
		24E142BDF22F783D63E23735 /* Pods_TinkoffChat.framework in Frameworks */ = {isa = PBXBuildFile; fileRef = C7DE9C29B4257DE352F63803 /* Pods_TinkoffChat.framework */; };
		8001D50525ED813F002E6B9A /* DialogTableViewCell.swift in Sources */ = {isa = PBXBuildFile; fileRef = 8001D50425ED813F002E6B9A /* DialogTableViewCell.swift */; };
		8001D50725ED8D24002E6B9A /* ConversationChatData.swift in Sources */ = {isa = PBXBuildFile; fileRef = 8001D50625ED8D24002E6B9A /* ConversationChatData.swift */; };
		8001D50E25ED8F66002E6B9A /* ConversationListViewController.swift in Sources */ = {isa = PBXBuildFile; fileRef = 8001D50D25ED8F66002E6B9A /* ConversationListViewController.swift */; };
		8001D51025ED9677002E6B9A /* Date + Components.swift in Sources */ = {isa = PBXBuildFile; fileRef = 8001D50F25ED9677002E6B9A /* Date + Components.swift */; };
		800749C2260B7B2200A44A62 /* ScrollVIew + offset.swift in Sources */ = {isa = PBXBuildFile; fileRef = 800749C1260B7B2200A44A62 /* ScrollVIew + offset.swift */; };
		8013850D260B889800706475 /* FlexibleTextView.swift in Sources */ = {isa = PBXBuildFile; fileRef = 8013850C260B889800706475 /* FlexibleTextView.swift */; };
		8020EF9525EE8F3C00DD0877 /* ConversationViewController.swift in Sources */ = {isa = PBXBuildFile; fileRef = 8020EF9425EE8F3C00DD0877 /* ConversationViewController.swift */; };
		8020EF9925EE91F400DD0877 /* DetailedConversationChatModel.swift in Sources */ = {isa = PBXBuildFile; fileRef = 8020EF9825EE91F400DD0877 /* DetailedConversationChatModel.swift */; };
		802A492625F6AC4B0054C408 /* ThemesViewController.swift in Sources */ = {isa = PBXBuildFile; fileRef = 802A492525F6AC4B0054C408 /* ThemesViewController.swift */; };
		802DB5792608B54700056906 /* GoogleService-Info.plist in Resources */ = {isa = PBXBuildFile; fileRef = 802DB5782608B54700056906 /* GoogleService-Info.plist */; };
		802DB57D2608B72800056906 /* FireStoreService.swift in Sources */ = {isa = PBXBuildFile; fileRef = 802DB57C2608B72800056906 /* FireStoreService.swift */; };
		802DB5812608B7C800056906 /* Channel.swift in Sources */ = {isa = PBXBuildFile; fileRef = 802DB5802608B7C800056906 /* Channel.swift */; };
		802DB5852608B7E000056906 /* Message.swift in Sources */ = {isa = PBXBuildFile; fileRef = 802DB5842608B7E000056906 /* Message.swift */; };
		8034BABF25EEAF6B00685762 /* MyMessageTableViewCell.swift in Sources */ = {isa = PBXBuildFile; fileRef = 8034BABD25EEAF6B00685762 /* MyMessageTableViewCell.swift */; };
		8034BAC025EEAF6B00685762 /* MyMessageTableViewCell.xib in Resources */ = {isa = PBXBuildFile; fileRef = 8034BABE25EEAF6B00685762 /* MyMessageTableViewCell.xib */; };
		8034BAC325EEB13700685762 /* NotMyMessageTableViewCell.swift in Sources */ = {isa = PBXBuildFile; fileRef = 8034BAC125EEB13700685762 /* NotMyMessageTableViewCell.swift */; };
		8034BAC425EEB13700685762 /* NotMyMessageTableViewCell.xib in Resources */ = {isa = PBXBuildFile; fileRef = 8034BAC225EEB13700685762 /* NotMyMessageTableViewCell.xib */; };
		8090482E25E3ADBF00E3BF35 /* Application + State.swift in Sources */ = {isa = PBXBuildFile; fileRef = 8090482D25E3ADBF00E3BF35 /* Application + State.swift */; };
		8090483025E3AE7400E3BF35 /* Logger.swift in Sources */ = {isa = PBXBuildFile; fileRef = 8090482F25E3AE7400E3BF35 /* Logger.swift */; };
		8090483225E3C5B600E3BF35 /* ProfileViewController.swift in Sources */ = {isa = PBXBuildFile; fileRef = 8090483125E3C5B600E3BF35 /* ProfileViewController.swift */; };
		809639A725D7DFCE0038EFEE /* AppDelegate.swift in Sources */ = {isa = PBXBuildFile; fileRef = 809639A625D7DFCE0038EFEE /* AppDelegate.swift */; };
		809639AB25D7DFCE0038EFEE /* ViewController.swift in Sources */ = {isa = PBXBuildFile; fileRef = 809639AA25D7DFCE0038EFEE /* ViewController.swift */; };
		809639AE25D7DFCE0038EFEE /* Main.storyboard in Resources */ = {isa = PBXBuildFile; fileRef = 809639AC25D7DFCE0038EFEE /* Main.storyboard */; };
		809639B025D7DFCF0038EFEE /* Assets.xcassets in Resources */ = {isa = PBXBuildFile; fileRef = 809639AF25D7DFCF0038EFEE /* Assets.xcassets */; };
		809639B325D7DFCF0038EFEE /* LaunchScreen.storyboard in Resources */ = {isa = PBXBuildFile; fileRef = 809639B125D7DFCF0038EFEE /* LaunchScreen.storyboard */; };
		809D7BA62603C8D800F91521 /* GCDThemeManager.swift in Sources */ = {isa = PBXBuildFile; fileRef = 809D7BA52603C8D800F91521 /* GCDThemeManager.swift */; };
		809D7BAA2603CDC800F91521 /* ThemeDataStore.swift in Sources */ = {isa = PBXBuildFile; fileRef = 809D7BA92603CDC800F91521 /* ThemeDataStore.swift */; };
		809D7BAC2603D35100F91521 /* CustomSplashViewController.swift in Sources */ = {isa = PBXBuildFile; fileRef = 809D7BAB2603D35100F91521 /* CustomSplashViewController.swift */; };
		80B7734E25FAA8210083C6A6 /* ThemeModel.swift in Sources */ = {isa = PBXBuildFile; fileRef = 80B7734D25FAA8210083C6A6 /* ThemeModel.swift */; };
		80C061A6262319BA00DA0332 /* PresentationAssembly.swift in Sources */ = {isa = PBXBuildFile; fileRef = 80C061A5262319BA00DA0332 /* PresentationAssembly.swift */; };
		80C061AB26231A9C00DA0332 /* ServiceAssembly.swift in Sources */ = {isa = PBXBuildFile; fileRef = 80C061AA26231A9C00DA0332 /* ServiceAssembly.swift */; };
		80C061B526231ED200DA0332 /* CoreDataService.swift in Sources */ = {isa = PBXBuildFile; fileRef = 80C061B426231ED200DA0332 /* CoreDataService.swift */; };
		80C061B92623200700DA0332 /* CoreAssembly.swift in Sources */ = {isa = PBXBuildFile; fileRef = 80C061B82623200700DA0332 /* CoreAssembly.swift */; };
		80CD4F2E25FFFC7A008A35B2 /* ProfileModel.swift in Sources */ = {isa = PBXBuildFile; fileRef = 80CD4F2D25FFFC7A008A35B2 /* ProfileModel.swift */; };
		80CD4F3626000043008A35B2 /* FileUtils.swift in Sources */ = {isa = PBXBuildFile; fileRef = 80CD4F3526000043008A35B2 /* FileUtils.swift */; };
		80CD4F3A260000A7008A35B2 /* GCDProfileManager.swift in Sources */ = {isa = PBXBuildFile; fileRef = 80CD4F39260000A7008A35B2 /* GCDProfileManager.swift */; };
		80CD4F3D26000268008A35B2 /* OperationProfileManager.swift in Sources */ = {isa = PBXBuildFile; fileRef = 80CD4F3C26000268008A35B2 /* OperationProfileManager.swift */; };
		80CD4F40260002FF008A35B2 /* UserDataStore.swift in Sources */ = {isa = PBXBuildFile; fileRef = 80CD4F3F260002FF008A35B2 /* UserDataStore.swift */; };
		80D95F8126148B5B00FDFF3A /* Chat.xcdatamodeld in Sources */ = {isa = PBXBuildFile; fileRef = 80D95F7F26148B5B00FDFF3A /* Chat.xcdatamodeld */; };
		80D95F87261492F400FDFF3A /* CoreDataStack.swift in Sources */ = {isa = PBXBuildFile; fileRef = 80D95F86261492F400FDFF3A /* CoreDataStack.swift */; };
		80D95F8A2614C16F00FDFF3A /* Channel_db + init.swift in Sources */ = {isa = PBXBuildFile; fileRef = 80D95F892614C16F00FDFF3A /* Channel_db + init.swift */; };
		80D95F8E2614C67F00FDFF3A /* Message_db + init.swift in Sources */ = {isa = PBXBuildFile; fileRef = 80D95F8D2614C67F00FDFF3A /* Message_db + init.swift */; };
		80DCC23E25F7B34F00763AD1 /* ThemeApp.swift in Sources */ = {isa = PBXBuildFile; fileRef = 80DCC23D25F7B34F00763AD1 /* ThemeApp.swift */; };
		80F852E726232C2000FB15D5 /* RootAssembly.swift in Sources */ = {isa = PBXBuildFile; fileRef = 80F852E626232C2000FB15D5 /* RootAssembly.swift */; };
/* End PBXBuildFile section */

/* Begin PBXFileReference section */
		7CCC44F90487D8FFB49F03E0 /* Pods-TinkoffChat.release.xcconfig */ = {isa = PBXFileReference; includeInIndex = 1; lastKnownFileType = text.xcconfig; name = "Pods-TinkoffChat.release.xcconfig"; path = "Target Support Files/Pods-TinkoffChat/Pods-TinkoffChat.release.xcconfig"; sourceTree = "<group>"; };
		8001D50425ED813F002E6B9A /* DialogTableViewCell.swift */ = {isa = PBXFileReference; lastKnownFileType = sourcecode.swift; path = DialogTableViewCell.swift; sourceTree = "<group>"; };
		8001D50625ED8D24002E6B9A /* ConversationChatData.swift */ = {isa = PBXFileReference; lastKnownFileType = sourcecode.swift; path = ConversationChatData.swift; sourceTree = "<group>"; };
		8001D50D25ED8F66002E6B9A /* ConversationListViewController.swift */ = {isa = PBXFileReference; lastKnownFileType = sourcecode.swift; path = ConversationListViewController.swift; sourceTree = "<group>"; };
		8001D50F25ED9677002E6B9A /* Date + Components.swift */ = {isa = PBXFileReference; lastKnownFileType = sourcecode.swift; path = "Date + Components.swift"; sourceTree = "<group>"; };
		800749C1260B7B2200A44A62 /* ScrollVIew + offset.swift */ = {isa = PBXFileReference; lastKnownFileType = sourcecode.swift; path = "ScrollVIew + offset.swift"; sourceTree = "<group>"; };
		8013850C260B889800706475 /* FlexibleTextView.swift */ = {isa = PBXFileReference; lastKnownFileType = sourcecode.swift; path = FlexibleTextView.swift; sourceTree = "<group>"; };
		8020EF9425EE8F3C00DD0877 /* ConversationViewController.swift */ = {isa = PBXFileReference; lastKnownFileType = sourcecode.swift; path = ConversationViewController.swift; sourceTree = "<group>"; };
		8020EF9825EE91F400DD0877 /* DetailedConversationChatModel.swift */ = {isa = PBXFileReference; lastKnownFileType = sourcecode.swift; path = DetailedConversationChatModel.swift; sourceTree = "<group>"; };
		802A492525F6AC4B0054C408 /* ThemesViewController.swift */ = {isa = PBXFileReference; lastKnownFileType = sourcecode.swift; path = ThemesViewController.swift; sourceTree = "<group>"; };
		802DB5782608B54700056906 /* GoogleService-Info.plist */ = {isa = PBXFileReference; fileEncoding = 4; lastKnownFileType = text.plist.xml; path = "GoogleService-Info.plist"; sourceTree = "<group>"; };
		802DB57C2608B72800056906 /* FireStoreService.swift */ = {isa = PBXFileReference; lastKnownFileType = sourcecode.swift; path = FireStoreService.swift; sourceTree = "<group>"; };
		802DB5802608B7C800056906 /* Channel.swift */ = {isa = PBXFileReference; lastKnownFileType = sourcecode.swift; path = Channel.swift; sourceTree = "<group>"; };
		802DB5842608B7E000056906 /* Message.swift */ = {isa = PBXFileReference; lastKnownFileType = sourcecode.swift; path = Message.swift; sourceTree = "<group>"; };
		8034BABD25EEAF6B00685762 /* MyMessageTableViewCell.swift */ = {isa = PBXFileReference; lastKnownFileType = sourcecode.swift; path = MyMessageTableViewCell.swift; sourceTree = "<group>"; };
		8034BABE25EEAF6B00685762 /* MyMessageTableViewCell.xib */ = {isa = PBXFileReference; lastKnownFileType = file.xib; path = MyMessageTableViewCell.xib; sourceTree = "<group>"; };
		8034BAC125EEB13700685762 /* NotMyMessageTableViewCell.swift */ = {isa = PBXFileReference; lastKnownFileType = sourcecode.swift; path = NotMyMessageTableViewCell.swift; sourceTree = "<group>"; };
		8034BAC225EEB13700685762 /* NotMyMessageTableViewCell.xib */ = {isa = PBXFileReference; lastKnownFileType = file.xib; path = NotMyMessageTableViewCell.xib; sourceTree = "<group>"; };
		8090482D25E3ADBF00E3BF35 /* Application + State.swift */ = {isa = PBXFileReference; lastKnownFileType = sourcecode.swift; path = "Application + State.swift"; sourceTree = "<group>"; };
		8090482F25E3AE7400E3BF35 /* Logger.swift */ = {isa = PBXFileReference; lastKnownFileType = sourcecode.swift; path = Logger.swift; sourceTree = "<group>"; };
		8090483125E3C5B600E3BF35 /* ProfileViewController.swift */ = {isa = PBXFileReference; lastKnownFileType = sourcecode.swift; path = ProfileViewController.swift; sourceTree = "<group>"; };
		809639A325D7DFCE0038EFEE /* TinkoffChat.app */ = {isa = PBXFileReference; explicitFileType = wrapper.application; includeInIndex = 0; path = TinkoffChat.app; sourceTree = BUILT_PRODUCTS_DIR; };
		809639A625D7DFCE0038EFEE /* AppDelegate.swift */ = {isa = PBXFileReference; lastKnownFileType = sourcecode.swift; path = AppDelegate.swift; sourceTree = "<group>"; };
		809639AA25D7DFCE0038EFEE /* ViewController.swift */ = {isa = PBXFileReference; lastKnownFileType = sourcecode.swift; path = ViewController.swift; sourceTree = "<group>"; };
		809639AD25D7DFCE0038EFEE /* Base */ = {isa = PBXFileReference; lastKnownFileType = file.storyboard; name = Base; path = Base.lproj/Main.storyboard; sourceTree = "<group>"; };
		809639AF25D7DFCF0038EFEE /* Assets.xcassets */ = {isa = PBXFileReference; lastKnownFileType = folder.assetcatalog; path = Assets.xcassets; sourceTree = "<group>"; };
		809639B225D7DFCF0038EFEE /* Base */ = {isa = PBXFileReference; lastKnownFileType = file.storyboard; name = Base; path = Base.lproj/LaunchScreen.storyboard; sourceTree = "<group>"; };
		809639B425D7DFCF0038EFEE /* Info.plist */ = {isa = PBXFileReference; lastKnownFileType = text.plist.xml; path = Info.plist; sourceTree = "<group>"; };
		809D7BA52603C8D800F91521 /* GCDThemeManager.swift */ = {isa = PBXFileReference; lastKnownFileType = sourcecode.swift; path = GCDThemeManager.swift; sourceTree = "<group>"; };
		809D7BA92603CDC800F91521 /* ThemeDataStore.swift */ = {isa = PBXFileReference; lastKnownFileType = sourcecode.swift; path = ThemeDataStore.swift; sourceTree = "<group>"; };
		809D7BAB2603D35100F91521 /* CustomSplashViewController.swift */ = {isa = PBXFileReference; lastKnownFileType = sourcecode.swift; path = CustomSplashViewController.swift; sourceTree = "<group>"; };
		80B7734D25FAA8210083C6A6 /* ThemeModel.swift */ = {isa = PBXFileReference; lastKnownFileType = sourcecode.swift; path = ThemeModel.swift; sourceTree = "<group>"; };
		80C061A5262319BA00DA0332 /* PresentationAssembly.swift */ = {isa = PBXFileReference; lastKnownFileType = sourcecode.swift; path = PresentationAssembly.swift; sourceTree = "<group>"; };
		80C061AA26231A9C00DA0332 /* ServiceAssembly.swift */ = {isa = PBXFileReference; lastKnownFileType = sourcecode.swift; path = ServiceAssembly.swift; sourceTree = "<group>"; };
		80C061B426231ED200DA0332 /* CoreDataService.swift */ = {isa = PBXFileReference; lastKnownFileType = sourcecode.swift; path = CoreDataService.swift; sourceTree = "<group>"; };
		80C061B82623200700DA0332 /* CoreAssembly.swift */ = {isa = PBXFileReference; lastKnownFileType = sourcecode.swift; path = CoreAssembly.swift; sourceTree = "<group>"; };
		80CD4F2D25FFFC7A008A35B2 /* ProfileModel.swift */ = {isa = PBXFileReference; lastKnownFileType = sourcecode.swift; path = ProfileModel.swift; sourceTree = "<group>"; };
		80CD4F3526000043008A35B2 /* FileUtils.swift */ = {isa = PBXFileReference; lastKnownFileType = sourcecode.swift; path = FileUtils.swift; sourceTree = "<group>"; };
		80CD4F39260000A7008A35B2 /* GCDProfileManager.swift */ = {isa = PBXFileReference; lastKnownFileType = sourcecode.swift; path = GCDProfileManager.swift; sourceTree = "<group>"; };
		80CD4F3C26000268008A35B2 /* OperationProfileManager.swift */ = {isa = PBXFileReference; lastKnownFileType = sourcecode.swift; path = OperationProfileManager.swift; sourceTree = "<group>"; };
		80CD4F3F260002FF008A35B2 /* UserDataStore.swift */ = {isa = PBXFileReference; lastKnownFileType = sourcecode.swift; path = UserDataStore.swift; sourceTree = "<group>"; };
		80D95F8026148B5B00FDFF3A /* Chat.xcdatamodel */ = {isa = PBXFileReference; lastKnownFileType = wrapper.xcdatamodel; path = Chat.xcdatamodel; sourceTree = "<group>"; };
		80D95F86261492F400FDFF3A /* CoreDataStack.swift */ = {isa = PBXFileReference; lastKnownFileType = sourcecode.swift; path = CoreDataStack.swift; sourceTree = "<group>"; };
		80D95F892614C16F00FDFF3A /* Channel_db + init.swift */ = {isa = PBXFileReference; lastKnownFileType = sourcecode.swift; path = "Channel_db + init.swift"; sourceTree = "<group>"; };
		80D95F8D2614C67F00FDFF3A /* Message_db + init.swift */ = {isa = PBXFileReference; lastKnownFileType = sourcecode.swift; path = "Message_db + init.swift"; sourceTree = "<group>"; };
		80DCC23D25F7B34F00763AD1 /* ThemeApp.swift */ = {isa = PBXFileReference; lastKnownFileType = sourcecode.swift; path = ThemeApp.swift; sourceTree = "<group>"; };
		80F852E626232C2000FB15D5 /* RootAssembly.swift */ = {isa = PBXFileReference; lastKnownFileType = sourcecode.swift; path = RootAssembly.swift; sourceTree = "<group>"; };
		C7DE9C29B4257DE352F63803 /* Pods_TinkoffChat.framework */ = {isa = PBXFileReference; explicitFileType = wrapper.framework; includeInIndex = 0; path = Pods_TinkoffChat.framework; sourceTree = BUILT_PRODUCTS_DIR; };
		F167808A373D2D55CAF7CD18 /* Pods-TinkoffChat.debug.xcconfig */ = {isa = PBXFileReference; includeInIndex = 1; lastKnownFileType = text.xcconfig; name = "Pods-TinkoffChat.debug.xcconfig"; path = "Target Support Files/Pods-TinkoffChat/Pods-TinkoffChat.debug.xcconfig"; sourceTree = "<group>"; };
/* End PBXFileReference section */

/* Begin PBXFrameworksBuildPhase section */
		809639A025D7DFCE0038EFEE /* Frameworks */ = {
			isa = PBXFrameworksBuildPhase;
			buildActionMask = 2147483647;
			files = (
				24E142BDF22F783D63E23735 /* Pods_TinkoffChat.framework in Frameworks */,
			);
			runOnlyForDeploymentPostprocessing = 0;
		};
/* End PBXFrameworksBuildPhase section */

/* Begin PBXGroup section */
		3FF49DC2D705C3793287E3D3 /* Frameworks */ = {
			isa = PBXGroup;
			children = (
				C7DE9C29B4257DE352F63803 /* Pods_TinkoffChat.framework */,
			);
			name = Frameworks;
			sourceTree = "<group>";
		};
		8001D50925ED8F07002E6B9A /* Extensions */ = {
			isa = PBXGroup;
			children = (
				8090482D25E3ADBF00E3BF35 /* Application + State.swift */,
				8001D50F25ED9677002E6B9A /* Date + Components.swift */,
				800749C1260B7B2200A44A62 /* ScrollVIew + offset.swift */,
			);
			path = Extensions;
			sourceTree = "<group>";
		};
		801069362628A885001DB570 /* Settings */ = {
			isa = PBXGroup;
			children = (
				802A492525F6AC4B0054C408 /* ThemesViewController.swift */,
				801069372628A8A0001DB570 /* Model */,
			);
			path = Settings;
			sourceTree = "<group>";
		};
		801069372628A8A0001DB570 /* Model */ = {
			isa = PBXGroup;
			children = (
				80B7734D25FAA8210083C6A6 /* ThemeModel.swift */,
				80DCC23D25F7B34F00763AD1 /* ThemeApp.swift */,
			);
			path = Model;
			sourceTree = "<group>";
		};
		801069382628A8CA001DB570 /* LaunchScreen */ = {
			isa = PBXGroup;
			children = (
				809D7BAB2603D35100F91521 /* CustomSplashViewController.swift */,
			);
			path = LaunchScreen;
			sourceTree = "<group>";
		};
		802DB57F2608B7B700056906 /* Models */ = {
			isa = PBXGroup;
			children = (
				802DB5802608B7C800056906 /* Channel.swift */,
				802DB5842608B7E000056906 /* Message.swift */,
			);
			path = Models;
			sourceTree = "<group>";
		};
		8096399A25D7DFCE0038EFEE = {
			isa = PBXGroup;
			children = (
				809639A525D7DFCE0038EFEE /* TinkoffChat */,
				809639A425D7DFCE0038EFEE /* Products */,
				EB86CD26A04BDEA4E4141282 /* Pods */,
				3FF49DC2D705C3793287E3D3 /* Frameworks */,
			);
			sourceTree = "<group>";
		};
		809639A425D7DFCE0038EFEE /* Products */ = {
			isa = PBXGroup;
			children = (
				809639A325D7DFCE0038EFEE /* TinkoffChat.app */,
			);
			name = Products;
			sourceTree = "<group>";
		};
		809639A525D7DFCE0038EFEE /* TinkoffChat */ = {
			isa = PBXGroup;
			children = (
				80C061952623169400DA0332 /* PresentationLayer */,
				80C06196262316A600DA0332 /* ServiceLayer */,
				80C06197262316B000DA0332 /* CoreLayer */,
				8001D50925ED8F07002E6B9A /* Extensions */,
				809639A625D7DFCE0038EFEE /* AppDelegate.swift */,
				80F852E626232C2000FB15D5 /* RootAssembly.swift */,
				809639AA25D7DFCE0038EFEE /* ViewController.swift */,
				809639AC25D7DFCE0038EFEE /* Main.storyboard */,
				809639AF25D7DFCF0038EFEE /* Assets.xcassets */,
				809639B125D7DFCF0038EFEE /* LaunchScreen.storyboard */,
				802DB5782608B54700056906 /* GoogleService-Info.plist */,
				809639B425D7DFCF0038EFEE /* Info.plist */,
			);
			path = TinkoffChat;
			sourceTree = "<group>";
		};
		80C061952623169400DA0332 /* PresentationLayer */ = {
			isa = PBXGroup;
			children = (
				80C061A42623198800DA0332 /* Assembly */,
				80C061982623175700DA0332 /* Modules */,
			);
			path = PresentationLayer;
			sourceTree = "<group>";
		};
		80C06196262316A600DA0332 /* ServiceLayer */ = {
			isa = PBXGroup;
			children = (
				80C061B226231D9300DA0332 /* Services */,
				80C061A926231A6800DA0332 /* Assembly */,
			);
			path = ServiceLayer;
			sourceTree = "<group>";
		};
		80C06197262316B000DA0332 /* CoreLayer */ = {
			isa = PBXGroup;
			children = (
				8090482F25E3AE7400E3BF35 /* Logger.swift */,
				80C061B726231FF800DA0332 /* Assembly */,
				80D95F7E26148B2300FDFF3A /* CoreData */,
				80CD4F3526000043008A35B2 /* FileUtils.swift */,
			);
			path = CoreLayer;
			sourceTree = "<group>";
		};
		80C061982623175700DA0332 /* Modules */ = {
			isa = PBXGroup;
			children = (
				801069382628A8CA001DB570 /* LaunchScreen */,
				801069362628A885001DB570 /* Settings */,
				80C061A2262318C400DA0332 /* Profile */,
				80C0619A2623177100DA0332 /* ConversationList */,
				80C061992623176900DA0332 /* Conversation */,
			);
			path = Modules;
			sourceTree = "<group>";
		};
		80C061992623176900DA0332 /* Conversation */ = {
			isa = PBXGroup;
			children = (
				80C061A0262317FC00DA0332 /* Model */,
				80C0619F262317F800DA0332 /* View */,
				80C0619E262317F300DA0332 /* Controller */,
			);
			path = Conversation;
			sourceTree = "<group>";
		};
		80C0619A2623177100DA0332 /* ConversationList */ = {
			isa = PBXGroup;
			children = (
				80C0619B2623179C00DA0332 /* Model */,
				80C0619C262317A000DA0332 /* View */,
				80C0619D262317A400DA0332 /* Controller */,
			);
			path = ConversationList;
			sourceTree = "<group>";
		};
		80C0619B2623179C00DA0332 /* Model */ = {
			isa = PBXGroup;
			children = (
				8001D50625ED8D24002E6B9A /* ConversationChatData.swift */,
			);
			path = Model;
			sourceTree = "<group>";
		};
		80C0619C262317A000DA0332 /* View */ = {
			isa = PBXGroup;
			children = (
				8001D50425ED813F002E6B9A /* DialogTableViewCell.swift */,
			);
			path = View;
			sourceTree = "<group>";
		};
		80C0619D262317A400DA0332 /* Controller */ = {
			isa = PBXGroup;
			children = (
				8001D50D25ED8F66002E6B9A /* ConversationListViewController.swift */,
			);
			path = Controller;
			sourceTree = "<group>";
		};
		80C0619E262317F300DA0332 /* Controller */ = {
			isa = PBXGroup;
			children = (
				8020EF9425EE8F3C00DD0877 /* ConversationViewController.swift */,
			);
			path = Controller;
			sourceTree = "<group>";
		};
		80C0619F262317F800DA0332 /* View */ = {
			isa = PBXGroup;
			children = (
				80C061A12623181800DA0332 /* Cells */,
				8013850C260B889800706475 /* FlexibleTextView.swift */,
			);
			path = View;
			sourceTree = "<group>";
		};
		80C061A0262317FC00DA0332 /* Model */ = {
			isa = PBXGroup;
			children = (
				8020EF9825EE91F400DD0877 /* DetailedConversationChatModel.swift */,
			);
			path = Model;
			sourceTree = "<group>";
		};
		80C061A12623181800DA0332 /* Cells */ = {
			isa = PBXGroup;
			children = (
				8034BABD25EEAF6B00685762 /* MyMessageTableViewCell.swift */,
				8034BAC125EEB13700685762 /* NotMyMessageTableViewCell.swift */,
				8034BAC225EEB13700685762 /* NotMyMessageTableViewCell.xib */,
				8034BABE25EEAF6B00685762 /* MyMessageTableViewCell.xib */,
			);
			path = Cells;
			sourceTree = "<group>";
		};
		80C061A2262318C400DA0332 /* Profile */ = {
			isa = PBXGroup;
			children = (
				80C061A32623192200DA0332 /* Controller */,
				80CD4F2C25FFFC6D008A35B2 /* Model */,
			);
			path = Profile;
			sourceTree = "<group>";
		};
		80C061A32623192200DA0332 /* Controller */ = {
			isa = PBXGroup;
			children = (
				8090483125E3C5B600E3BF35 /* ProfileViewController.swift */,
			);
			path = Controller;
			sourceTree = "<group>";
		};
		80C061A42623198800DA0332 /* Assembly */ = {
			isa = PBXGroup;
			children = (
				80C061A5262319BA00DA0332 /* PresentationAssembly.swift */,
			);
			path = Assembly;
			sourceTree = "<group>";
		};
		80C061A926231A6800DA0332 /* Assembly */ = {
			isa = PBXGroup;
			children = (
				80C061AA26231A9C00DA0332 /* ServiceAssembly.swift */,
			);
			path = Assembly;
			sourceTree = "<group>";
		};
		80C061B226231D9300DA0332 /* Services */ = {
			isa = PBXGroup;
			children = (
				809D7BA92603CDC800F91521 /* ThemeDataStore.swift */,
				80C061CF2623226200DA0332 /* Multithreading */,
				802DB57C2608B72800056906 /* FireStoreService.swift */,
				802DB57F2608B7B700056906 /* Models */,
				80C061B426231ED200DA0332 /* CoreDataService.swift */,
			);
			path = Services;
			sourceTree = "<group>";
		};
		80C061B726231FF800DA0332 /* Assembly */ = {
			isa = PBXGroup;
			children = (
				80C061B82623200700DA0332 /* CoreAssembly.swift */,
			);
			path = Assembly;
			sourceTree = "<group>";
		};
		80C061CF2623226200DA0332 /* Multithreading */ = {
			isa = PBXGroup;
			children = (
				80CD4F3F260002FF008A35B2 /* UserDataStore.swift */,
				809D7BA52603C8D800F91521 /* GCDThemeManager.swift */,
				80CD4F39260000A7008A35B2 /* GCDProfileManager.swift */,
				80CD4F3C26000268008A35B2 /* OperationProfileManager.swift */,
			);
			path = Multithreading;
			sourceTree = "<group>";
		};
		80CD4F2C25FFFC6D008A35B2 /* Model */ = {
			isa = PBXGroup;
			children = (
				80CD4F2D25FFFC7A008A35B2 /* ProfileModel.swift */,
			);
			path = Model;
			sourceTree = "<group>";
		};
		80D95F7E26148B2300FDFF3A /* CoreData */ = {
			isa = PBXGroup;
			children = (
				80D95F86261492F400FDFF3A /* CoreDataStack.swift */,
				80D95F7F26148B5B00FDFF3A /* Chat.xcdatamodeld */,
				80D95F892614C16F00FDFF3A /* Channel_db + init.swift */,
				80D95F8D2614C67F00FDFF3A /* Message_db + init.swift */,
			);
			path = CoreData;
			sourceTree = "<group>";
		};
		EB86CD26A04BDEA4E4141282 /* Pods */ = {
			isa = PBXGroup;
			children = (
				F167808A373D2D55CAF7CD18 /* Pods-TinkoffChat.debug.xcconfig */,
				7CCC44F90487D8FFB49F03E0 /* Pods-TinkoffChat.release.xcconfig */,
			);
			path = Pods;
			sourceTree = "<group>";
		};
/* End PBXGroup section */

/* Begin PBXNativeTarget section */
		809639A225D7DFCE0038EFEE /* TinkoffChat */ = {
			isa = PBXNativeTarget;
			buildConfigurationList = 809639B725D7DFCF0038EFEE /* Build configuration list for PBXNativeTarget "TinkoffChat" */;
			buildPhases = (
				29D288D34DDA0014DA6F1F54 /* [CP] Check Pods Manifest.lock */,
				8096399F25D7DFCE0038EFEE /* Sources */,
				809639A025D7DFCE0038EFEE /* Frameworks */,
				809639A125D7DFCE0038EFEE /* Resources */,
				694917A9D0C67ACA333ECE4A /* [CP] Embed Pods Frameworks */,
				80272CD8260D1E220002E895 /* ShellScript */,
			);
			buildRules = (
			);
			dependencies = (
			);
			name = TinkoffChat;
			productName = TinkoffChat;
			productReference = 809639A325D7DFCE0038EFEE /* TinkoffChat.app */;
			productType = "com.apple.product-type.application";
		};
/* End PBXNativeTarget section */

/* Begin PBXProject section */
		8096399B25D7DFCE0038EFEE /* Project object */ = {
			isa = PBXProject;
			attributes = {
				LastSwiftUpdateCheck = 1240;
				LastUpgradeCheck = 1240;
				TargetAttributes = {
					809639A225D7DFCE0038EFEE = {
						CreatedOnToolsVersion = 12.4;
					};
				};
			};
			buildConfigurationList = 8096399E25D7DFCE0038EFEE /* Build configuration list for PBXProject "TinkoffChat" */;
			compatibilityVersion = "Xcode 9.3";
			developmentRegion = en;
			hasScannedForEncodings = 0;
			knownRegions = (
				en,
				Base,
			);
			mainGroup = 8096399A25D7DFCE0038EFEE;
			productRefGroup = 809639A425D7DFCE0038EFEE /* Products */;
			projectDirPath = "";
			projectRoot = "";
			targets = (
				809639A225D7DFCE0038EFEE /* TinkoffChat */,
			);
		};
/* End PBXProject section */

/* Begin PBXResourcesBuildPhase section */
		809639A125D7DFCE0038EFEE /* Resources */ = {
			isa = PBXResourcesBuildPhase;
			buildActionMask = 2147483647;
			files = (
				8034BAC425EEB13700685762 /* NotMyMessageTableViewCell.xib in Resources */,
				809639B325D7DFCF0038EFEE /* LaunchScreen.storyboard in Resources */,
				8034BAC025EEAF6B00685762 /* MyMessageTableViewCell.xib in Resources */,
				809639B025D7DFCF0038EFEE /* Assets.xcassets in Resources */,
				809639AE25D7DFCE0038EFEE /* Main.storyboard in Resources */,
				802DB5792608B54700056906 /* GoogleService-Info.plist in Resources */,
			);
			runOnlyForDeploymentPostprocessing = 0;
		};
/* End PBXResourcesBuildPhase section */

/* Begin PBXShellScriptBuildPhase section */
		29D288D34DDA0014DA6F1F54 /* [CP] Check Pods Manifest.lock */ = {
			isa = PBXShellScriptBuildPhase;
			buildActionMask = 2147483647;
			files = (
			);
			inputFileListPaths = (
			);
			inputPaths = (
				"${PODS_PODFILE_DIR_PATH}/Podfile.lock",
				"${PODS_ROOT}/Manifest.lock",
			);
			name = "[CP] Check Pods Manifest.lock";
			outputFileListPaths = (
			);
			outputPaths = (
				"$(DERIVED_FILE_DIR)/Pods-TinkoffChat-checkManifestLockResult.txt",
			);
			runOnlyForDeploymentPostprocessing = 0;
			shellPath = /bin/sh;
			shellScript = "diff \"${PODS_PODFILE_DIR_PATH}/Podfile.lock\" \"${PODS_ROOT}/Manifest.lock\" > /dev/null\nif [ $? != 0 ] ; then\n    # print error to STDERR\n    echo \"error: The sandbox is not in sync with the Podfile.lock. Run 'pod install' or update your CocoaPods installation.\" >&2\n    exit 1\nfi\n# This output is used by Xcode 'outputs' to avoid re-running this script phase.\necho \"SUCCESS\" > \"${SCRIPT_OUTPUT_FILE_0}\"\n";
			showEnvVarsInLog = 0;
		};
		694917A9D0C67ACA333ECE4A /* [CP] Embed Pods Frameworks */ = {
			isa = PBXShellScriptBuildPhase;
			buildActionMask = 2147483647;
			files = (
			);
			inputFileListPaths = (
				"${PODS_ROOT}/Target Support Files/Pods-TinkoffChat/Pods-TinkoffChat-frameworks-${CONFIGURATION}-input-files.xcfilelist",
			);
			name = "[CP] Embed Pods Frameworks";
			outputFileListPaths = (
				"${PODS_ROOT}/Target Support Files/Pods-TinkoffChat/Pods-TinkoffChat-frameworks-${CONFIGURATION}-output-files.xcfilelist",
			);
			runOnlyForDeploymentPostprocessing = 0;
			shellPath = /bin/sh;
			shellScript = "\"${PODS_ROOT}/Target Support Files/Pods-TinkoffChat/Pods-TinkoffChat-frameworks.sh\"\n";
			showEnvVarsInLog = 0;
		};
		80272CD8260D1E220002E895 /* ShellScript */ = {
			isa = PBXShellScriptBuildPhase;
			buildActionMask = 2147483647;
			files = (
			);
			inputFileListPaths = (
			);
			inputPaths = (
			);
			outputFileListPaths = (
			);
			outputPaths = (
			);
			runOnlyForDeploymentPostprocessing = 0;
			shellPath = /bin/sh;
			shellScript = "# Type a script or drag a script file from your workspace to insert its path.\n${PODS_ROOT}/SwiftLint/swiftlint\n";
		};
/* End PBXShellScriptBuildPhase section */

/* Begin PBXSourcesBuildPhase section */
		8096399F25D7DFCE0038EFEE /* Sources */ = {
			isa = PBXSourcesBuildPhase;
			buildActionMask = 2147483647;
			files = (
				8090483025E3AE7400E3BF35 /* Logger.swift in Sources */,
				8090482E25E3ADBF00E3BF35 /* Application + State.swift in Sources */,
				8020EF9525EE8F3C00DD0877 /* ConversationViewController.swift in Sources */,
				80C061A6262319BA00DA0332 /* PresentationAssembly.swift in Sources */,
				80CD4F3626000043008A35B2 /* FileUtils.swift in Sources */,
				802DB5852608B7E000056906 /* Message.swift in Sources */,
				800749C2260B7B2200A44A62 /* ScrollVIew + offset.swift in Sources */,
				80CD4F3D26000268008A35B2 /* OperationProfileManager.swift in Sources */,
				80C061B92623200700DA0332 /* CoreAssembly.swift in Sources */,
				80D95F87261492F400FDFF3A /* CoreDataStack.swift in Sources */,
				8090483225E3C5B600E3BF35 /* ProfileViewController.swift in Sources */,
				80CD4F2E25FFFC7A008A35B2 /* ProfileModel.swift in Sources */,
				809D7BA62603C8D800F91521 /* GCDThemeManager.swift in Sources */,
				80D95F8E2614C67F00FDFF3A /* Message_db + init.swift in Sources */,
				80CD4F3A260000A7008A35B2 /* GCDProfileManager.swift in Sources */,
				802A492625F6AC4B0054C408 /* ThemesViewController.swift in Sources */,
				8001D50725ED8D24002E6B9A /* ConversationChatData.swift in Sources */,
				8020EF9925EE91F400DD0877 /* DetailedConversationChatModel.swift in Sources */,
				802DB57D2608B72800056906 /* FireStoreService.swift in Sources */,
				8034BABF25EEAF6B00685762 /* MyMessageTableViewCell.swift in Sources */,
				8001D50525ED813F002E6B9A /* DialogTableViewCell.swift in Sources */,
				8013850D260B889800706475 /* FlexibleTextView.swift in Sources */,
				80C061AB26231A9C00DA0332 /* ServiceAssembly.swift in Sources */,
				809D7BAC2603D35100F91521 /* CustomSplashViewController.swift in Sources */,
				80D95F8126148B5B00FDFF3A /* Chat.xcdatamodeld in Sources */,
				8001D50E25ED8F66002E6B9A /* ConversationListViewController.swift in Sources */,
				809639AB25D7DFCE0038EFEE /* ViewController.swift in Sources */,
				80F852E726232C2000FB15D5 /* RootAssembly.swift in Sources */,
				80CD4F40260002FF008A35B2 /* UserDataStore.swift in Sources */,
				80D95F8A2614C16F00FDFF3A /* Channel_db + init.swift in Sources */,
				80C061B526231ED200DA0332 /* CoreDataService.swift in Sources */,
				809639A725D7DFCE0038EFEE /* AppDelegate.swift in Sources */,
				802DB5812608B7C800056906 /* Channel.swift in Sources */,
				80DCC23E25F7B34F00763AD1 /* ThemeApp.swift in Sources */,
				80B7734E25FAA8210083C6A6 /* ThemeModel.swift in Sources */,
				809D7BAA2603CDC800F91521 /* ThemeDataStore.swift in Sources */,
				8001D51025ED9677002E6B9A /* Date + Components.swift in Sources */,
				8034BAC325EEB13700685762 /* NotMyMessageTableViewCell.swift in Sources */,
			);
			runOnlyForDeploymentPostprocessing = 0;
		};
/* End PBXSourcesBuildPhase section */

/* Begin PBXVariantGroup section */
		809639AC25D7DFCE0038EFEE /* Main.storyboard */ = {
			isa = PBXVariantGroup;
			children = (
				809639AD25D7DFCE0038EFEE /* Base */,
			);
			name = Main.storyboard;
			sourceTree = "<group>";
		};
		809639B125D7DFCF0038EFEE /* LaunchScreen.storyboard */ = {
			isa = PBXVariantGroup;
			children = (
				809639B225D7DFCF0038EFEE /* Base */,
			);
			name = LaunchScreen.storyboard;
			sourceTree = "<group>";
		};
/* End PBXVariantGroup section */

/* Begin XCBuildConfiguration section */
		809639B525D7DFCF0038EFEE /* Debug */ = {
			isa = XCBuildConfiguration;
			buildSettings = {
				ALWAYS_SEARCH_USER_PATHS = NO;
				CLANG_ANALYZER_NONNULL = YES;
				CLANG_ANALYZER_NUMBER_OBJECT_CONVERSION = YES_AGGRESSIVE;
				CLANG_CXX_LANGUAGE_STANDARD = "gnu++14";
				CLANG_CXX_LIBRARY = "libc++";
				CLANG_ENABLE_MODULES = YES;
				CLANG_ENABLE_OBJC_ARC = YES;
				CLANG_ENABLE_OBJC_WEAK = YES;
				CLANG_WARN_BLOCK_CAPTURE_AUTORELEASING = YES;
				CLANG_WARN_BOOL_CONVERSION = YES;
				CLANG_WARN_COMMA = YES;
				CLANG_WARN_CONSTANT_CONVERSION = YES;
				CLANG_WARN_DEPRECATED_OBJC_IMPLEMENTATIONS = YES;
				CLANG_WARN_DIRECT_OBJC_ISA_USAGE = YES_ERROR;
				CLANG_WARN_DOCUMENTATION_COMMENTS = YES;
				CLANG_WARN_EMPTY_BODY = YES;
				CLANG_WARN_ENUM_CONVERSION = YES;
				CLANG_WARN_INFINITE_RECURSION = YES;
				CLANG_WARN_INT_CONVERSION = YES;
				CLANG_WARN_NON_LITERAL_NULL_CONVERSION = YES;
				CLANG_WARN_OBJC_IMPLICIT_RETAIN_SELF = YES;
				CLANG_WARN_OBJC_LITERAL_CONVERSION = YES;
				CLANG_WARN_OBJC_ROOT_CLASS = YES_ERROR;
				CLANG_WARN_QUOTED_INCLUDE_IN_FRAMEWORK_HEADER = YES;
				CLANG_WARN_RANGE_LOOP_ANALYSIS = YES;
				CLANG_WARN_STRICT_PROTOTYPES = YES;
				CLANG_WARN_SUSPICIOUS_MOVE = YES;
				CLANG_WARN_UNGUARDED_AVAILABILITY = YES_AGGRESSIVE;
				CLANG_WARN_UNREACHABLE_CODE = YES;
				CLANG_WARN__DUPLICATE_METHOD_MATCH = YES;
				COPY_PHASE_STRIP = NO;
				DEBUG_INFORMATION_FORMAT = dwarf;
				ENABLE_STRICT_OBJC_MSGSEND = YES;
				ENABLE_TESTABILITY = YES;
				GCC_C_LANGUAGE_STANDARD = gnu11;
				GCC_DYNAMIC_NO_PIC = NO;
				GCC_NO_COMMON_BLOCKS = YES;
				GCC_OPTIMIZATION_LEVEL = 0;
				GCC_PREPROCESSOR_DEFINITIONS = (
					"DEBUG=1",
					"$(inherited)",
				);
				GCC_WARN_64_TO_32_BIT_CONVERSION = YES;
				GCC_WARN_ABOUT_RETURN_TYPE = YES_ERROR;
				GCC_WARN_UNDECLARED_SELECTOR = YES;
				GCC_WARN_UNINITIALIZED_AUTOS = YES_AGGRESSIVE;
				GCC_WARN_UNUSED_FUNCTION = YES;
				GCC_WARN_UNUSED_VARIABLE = YES;
				IPHONEOS_DEPLOYMENT_TARGET = 12.0;
				MTL_ENABLE_DEBUG_INFO = INCLUDE_SOURCE;
				MTL_FAST_MATH = YES;
				ONLY_ACTIVE_ARCH = YES;
				SDKROOT = iphoneos;
				SWIFT_ACTIVE_COMPILATION_CONDITIONS = DEBUG;
				SWIFT_OPTIMIZATION_LEVEL = "-Onone";
			};
			name = Debug;
		};
		809639B625D7DFCF0038EFEE /* Release */ = {
			isa = XCBuildConfiguration;
			buildSettings = {
				ALWAYS_SEARCH_USER_PATHS = NO;
				CLANG_ANALYZER_NONNULL = YES;
				CLANG_ANALYZER_NUMBER_OBJECT_CONVERSION = YES_AGGRESSIVE;
				CLANG_CXX_LANGUAGE_STANDARD = "gnu++14";
				CLANG_CXX_LIBRARY = "libc++";
				CLANG_ENABLE_MODULES = YES;
				CLANG_ENABLE_OBJC_ARC = YES;
				CLANG_ENABLE_OBJC_WEAK = YES;
				CLANG_WARN_BLOCK_CAPTURE_AUTORELEASING = YES;
				CLANG_WARN_BOOL_CONVERSION = YES;
				CLANG_WARN_COMMA = YES;
				CLANG_WARN_CONSTANT_CONVERSION = YES;
				CLANG_WARN_DEPRECATED_OBJC_IMPLEMENTATIONS = YES;
				CLANG_WARN_DIRECT_OBJC_ISA_USAGE = YES_ERROR;
				CLANG_WARN_DOCUMENTATION_COMMENTS = YES;
				CLANG_WARN_EMPTY_BODY = YES;
				CLANG_WARN_ENUM_CONVERSION = YES;
				CLANG_WARN_INFINITE_RECURSION = YES;
				CLANG_WARN_INT_CONVERSION = YES;
				CLANG_WARN_NON_LITERAL_NULL_CONVERSION = YES;
				CLANG_WARN_OBJC_IMPLICIT_RETAIN_SELF = YES;
				CLANG_WARN_OBJC_LITERAL_CONVERSION = YES;
				CLANG_WARN_OBJC_ROOT_CLASS = YES_ERROR;
				CLANG_WARN_QUOTED_INCLUDE_IN_FRAMEWORK_HEADER = YES;
				CLANG_WARN_RANGE_LOOP_ANALYSIS = YES;
				CLANG_WARN_STRICT_PROTOTYPES = YES;
				CLANG_WARN_SUSPICIOUS_MOVE = YES;
				CLANG_WARN_UNGUARDED_AVAILABILITY = YES_AGGRESSIVE;
				CLANG_WARN_UNREACHABLE_CODE = YES;
				CLANG_WARN__DUPLICATE_METHOD_MATCH = YES;
				COPY_PHASE_STRIP = NO;
				DEBUG_INFORMATION_FORMAT = "dwarf-with-dsym";
				ENABLE_NS_ASSERTIONS = NO;
				ENABLE_STRICT_OBJC_MSGSEND = YES;
				GCC_C_LANGUAGE_STANDARD = gnu11;
				GCC_NO_COMMON_BLOCKS = YES;
				GCC_WARN_64_TO_32_BIT_CONVERSION = YES;
				GCC_WARN_ABOUT_RETURN_TYPE = YES_ERROR;
				GCC_WARN_UNDECLARED_SELECTOR = YES;
				GCC_WARN_UNINITIALIZED_AUTOS = YES_AGGRESSIVE;
				GCC_WARN_UNUSED_FUNCTION = YES;
				GCC_WARN_UNUSED_VARIABLE = YES;
				IPHONEOS_DEPLOYMENT_TARGET = 12.0;
				MTL_ENABLE_DEBUG_INFO = NO;
				MTL_FAST_MATH = YES;
				SDKROOT = iphoneos;
				SWIFT_COMPILATION_MODE = wholemodule;
				SWIFT_OPTIMIZATION_LEVEL = "-O";
				VALIDATE_PRODUCT = YES;
			};
			name = Release;
		};
		809639B825D7DFCF0038EFEE /* Debug */ = {
			isa = XCBuildConfiguration;
			baseConfigurationReference = F167808A373D2D55CAF7CD18 /* Pods-TinkoffChat.debug.xcconfig */;
			buildSettings = {
				ASSETCATALOG_COMPILER_APPICON_NAME = AppIcon;
				ASSETCATALOG_COMPILER_GLOBAL_ACCENT_COLOR_NAME = AccentColor;
				CODE_SIGN_STYLE = Automatic;
				DEVELOPMENT_TEAM = Z6TZXH8MS8;
				INFOPLIST_FILE = TinkoffChat/Info.plist;
				LD_RUNPATH_SEARCH_PATHS = (
					"$(inherited)",
					"@executable_path/Frameworks",
				);
				PRODUCT_BUNDLE_IDENTIFIER = ru.tinkoff.TinkoffChat;
				PRODUCT_NAME = "$(TARGET_NAME)";
				SWIFT_VERSION = 5.0;
				TARGETED_DEVICE_FAMILY = 1;
			};
			name = Debug;
		};
		809639B925D7DFCF0038EFEE /* Release */ = {
			isa = XCBuildConfiguration;
			baseConfigurationReference = 7CCC44F90487D8FFB49F03E0 /* Pods-TinkoffChat.release.xcconfig */;
			buildSettings = {
				ASSETCATALOG_COMPILER_APPICON_NAME = AppIcon;
				ASSETCATALOG_COMPILER_GLOBAL_ACCENT_COLOR_NAME = AccentColor;
				CODE_SIGN_STYLE = Automatic;
				DEVELOPMENT_TEAM = Z6TZXH8MS8;
				INFOPLIST_FILE = TinkoffChat/Info.plist;
				LD_RUNPATH_SEARCH_PATHS = (
					"$(inherited)",
					"@executable_path/Frameworks",
				);
				PRODUCT_BUNDLE_IDENTIFIER = ru.tinkoff.TinkoffChat;
				PRODUCT_NAME = "$(TARGET_NAME)";
				SWIFT_VERSION = 5.0;
				TARGETED_DEVICE_FAMILY = 1;
			};
			name = Release;
		};
/* End XCBuildConfiguration section */

/* Begin XCConfigurationList section */
		8096399E25D7DFCE0038EFEE /* Build configuration list for PBXProject "TinkoffChat" */ = {
			isa = XCConfigurationList;
			buildConfigurations = (
				809639B525D7DFCF0038EFEE /* Debug */,
				809639B625D7DFCF0038EFEE /* Release */,
			);
			defaultConfigurationIsVisible = 0;
			defaultConfigurationName = Release;
		};
		809639B725D7DFCF0038EFEE /* Build configuration list for PBXNativeTarget "TinkoffChat" */ = {
			isa = XCConfigurationList;
			buildConfigurations = (
				809639B825D7DFCF0038EFEE /* Debug */,
				809639B925D7DFCF0038EFEE /* Release */,
			);
			defaultConfigurationIsVisible = 0;
			defaultConfigurationName = Release;
		};
/* End XCConfigurationList section */

/* Begin XCVersionGroup section */
		80D95F7F26148B5B00FDFF3A /* Chat.xcdatamodeld */ = {
			isa = XCVersionGroup;
			children = (
				80D95F8026148B5B00FDFF3A /* Chat.xcdatamodel */,
			);
			currentVersion = 80D95F8026148B5B00FDFF3A /* Chat.xcdatamodel */;
			path = Chat.xcdatamodeld;
			sourceTree = "<group>";
			versionGroupType = wrapper.xcdatamodel;
		};
/* End XCVersionGroup section */
	};
	rootObject = 8096399B25D7DFCE0038EFEE /* Project object */;
}
