// !$*UTF8*$!
{
	archiveVersion = 1;
	classes = {
	};
	objectVersion = 50;
	objects = {

/* Begin PBXBuildFile section */
		8001D50525ED813F002E6B9A /* DialogTableViewCell.swift in Sources */ = {isa = PBXBuildFile; fileRef = 8001D50425ED813F002E6B9A /* DialogTableViewCell.swift */; };
		8001D50725ED8D24002E6B9A /* ConversationChatData.swift in Sources */ = {isa = PBXBuildFile; fileRef = 8001D50625ED8D24002E6B9A /* ConversationChatData.swift */; };
		8001D50E25ED8F66002E6B9A /* ConversationListViewController.swift in Sources */ = {isa = PBXBuildFile; fileRef = 8001D50D25ED8F66002E6B9A /* ConversationListViewController.swift */; };
		8001D51025ED9677002E6B9A /* DateExt.swift in Sources */ = {isa = PBXBuildFile; fileRef = 8001D50F25ED9677002E6B9A /* DateExt.swift */; };
		8020EF9525EE8F3C00DD0877 /* ConversationViewController.swift in Sources */ = {isa = PBXBuildFile; fileRef = 8020EF9425EE8F3C00DD0877 /* ConversationViewController.swift */; };
		8020EF9925EE91F400DD0877 /* DetailedConversationChatModel.swift in Sources */ = {isa = PBXBuildFile; fileRef = 8020EF9825EE91F400DD0877 /* DetailedConversationChatModel.swift */; };
		8034BABF25EEAF6B00685762 /* MyMessageTableViewCell.swift in Sources */ = {isa = PBXBuildFile; fileRef = 8034BABD25EEAF6B00685762 /* MyMessageTableViewCell.swift */; };
		8034BAC025EEAF6B00685762 /* MyMessageTableViewCell.xib in Resources */ = {isa = PBXBuildFile; fileRef = 8034BABE25EEAF6B00685762 /* MyMessageTableViewCell.xib */; };
		8034BAC325EEB13700685762 /* NotMyMessageTableViewCell.swift in Sources */ = {isa = PBXBuildFile; fileRef = 8034BAC125EEB13700685762 /* NotMyMessageTableViewCell.swift */; };
		8034BAC425EEB13700685762 /* NotMyMessageTableViewCell.xib in Resources */ = {isa = PBXBuildFile; fileRef = 8034BAC225EEB13700685762 /* NotMyMessageTableViewCell.xib */; };
		8090482E25E3ADBF00E3BF35 /* ApplicationExt.swift in Sources */ = {isa = PBXBuildFile; fileRef = 8090482D25E3ADBF00E3BF35 /* ApplicationExt.swift */; };
		8090483025E3AE7400E3BF35 /* Logger.swift in Sources */ = {isa = PBXBuildFile; fileRef = 8090482F25E3AE7400E3BF35 /* Logger.swift */; };
		8090483225E3C5B600E3BF35 /* ProfileViewController.swift in Sources */ = {isa = PBXBuildFile; fileRef = 8090483125E3C5B600E3BF35 /* ProfileViewController.swift */; };
		809639A725D7DFCE0038EFEE /* AppDelegate.swift in Sources */ = {isa = PBXBuildFile; fileRef = 809639A625D7DFCE0038EFEE /* AppDelegate.swift */; };
		809639AB25D7DFCE0038EFEE /* ViewController.swift in Sources */ = {isa = PBXBuildFile; fileRef = 809639AA25D7DFCE0038EFEE /* ViewController.swift */; };
		809639AE25D7DFCE0038EFEE /* Main.storyboard in Resources */ = {isa = PBXBuildFile; fileRef = 809639AC25D7DFCE0038EFEE /* Main.storyboard */; };
		809639B025D7DFCF0038EFEE /* Assets.xcassets in Resources */ = {isa = PBXBuildFile; fileRef = 809639AF25D7DFCF0038EFEE /* Assets.xcassets */; };
		809639B325D7DFCF0038EFEE /* LaunchScreen.storyboard in Resources */ = {isa = PBXBuildFile; fileRef = 809639B125D7DFCF0038EFEE /* LaunchScreen.storyboard */; };
		809EE4E525F14DFE00D8A153 /* mockData.swift in Sources */ = {isa = PBXBuildFile; fileRef = 809EE4E425F14DFE00D8A153 /* mockData.swift */; };
/* End PBXBuildFile section */

/* Begin PBXFileReference section */
		8001D50425ED813F002E6B9A /* DialogTableViewCell.swift */ = {isa = PBXFileReference; lastKnownFileType = sourcecode.swift; path = DialogTableViewCell.swift; sourceTree = "<group>"; };
		8001D50625ED8D24002E6B9A /* ConversationChatData.swift */ = {isa = PBXFileReference; lastKnownFileType = sourcecode.swift; path = ConversationChatData.swift; sourceTree = "<group>"; };
		8001D50D25ED8F66002E6B9A /* ConversationListViewController.swift */ = {isa = PBXFileReference; lastKnownFileType = sourcecode.swift; path = ConversationListViewController.swift; sourceTree = "<group>"; };
		8001D50F25ED9677002E6B9A /* DateExt.swift */ = {isa = PBXFileReference; lastKnownFileType = sourcecode.swift; path = DateExt.swift; sourceTree = "<group>"; };
		8020EF9425EE8F3C00DD0877 /* ConversationViewController.swift */ = {isa = PBXFileReference; lastKnownFileType = sourcecode.swift; path = ConversationViewController.swift; sourceTree = "<group>"; };
		8020EF9825EE91F400DD0877 /* DetailedConversationChatModel.swift */ = {isa = PBXFileReference; lastKnownFileType = sourcecode.swift; path = DetailedConversationChatModel.swift; sourceTree = "<group>"; };
		8034BABD25EEAF6B00685762 /* MyMessageTableViewCell.swift */ = {isa = PBXFileReference; lastKnownFileType = sourcecode.swift; path = MyMessageTableViewCell.swift; sourceTree = "<group>"; };
		8034BABE25EEAF6B00685762 /* MyMessageTableViewCell.xib */ = {isa = PBXFileReference; lastKnownFileType = file.xib; path = MyMessageTableViewCell.xib; sourceTree = "<group>"; };
		8034BAC125EEB13700685762 /* NotMyMessageTableViewCell.swift */ = {isa = PBXFileReference; lastKnownFileType = sourcecode.swift; path = NotMyMessageTableViewCell.swift; sourceTree = "<group>"; };
		8034BAC225EEB13700685762 /* NotMyMessageTableViewCell.xib */ = {isa = PBXFileReference; lastKnownFileType = file.xib; path = NotMyMessageTableViewCell.xib; sourceTree = "<group>"; };
		8090482D25E3ADBF00E3BF35 /* ApplicationExt.swift */ = {isa = PBXFileReference; lastKnownFileType = sourcecode.swift; path = ApplicationExt.swift; sourceTree = "<group>"; };
		8090482F25E3AE7400E3BF35 /* Logger.swift */ = {isa = PBXFileReference; lastKnownFileType = sourcecode.swift; path = Logger.swift; sourceTree = "<group>"; };
		8090483125E3C5B600E3BF35 /* ProfileViewController.swift */ = {isa = PBXFileReference; lastKnownFileType = sourcecode.swift; path = ProfileViewController.swift; sourceTree = "<group>"; };
		809639A325D7DFCE0038EFEE /* TinkoffChat.app */ = {isa = PBXFileReference; explicitFileType = wrapper.application; includeInIndex = 0; path = TinkoffChat.app; sourceTree = BUILT_PRODUCTS_DIR; };
		809639A625D7DFCE0038EFEE /* AppDelegate.swift */ = {isa = PBXFileReference; lastKnownFileType = sourcecode.swift; path = AppDelegate.swift; sourceTree = "<group>"; };
		809639AA25D7DFCE0038EFEE /* ViewController.swift */ = {isa = PBXFileReference; lastKnownFileType = sourcecode.swift; path = ViewController.swift; sourceTree = "<group>"; };
		809639AD25D7DFCE0038EFEE /* Base */ = {isa = PBXFileReference; lastKnownFileType = file.storyboard; name = Base; path = Base.lproj/Main.storyboard; sourceTree = "<group>"; };
		809639AF25D7DFCF0038EFEE /* Assets.xcassets */ = {isa = PBXFileReference; lastKnownFileType = folder.assetcatalog; path = Assets.xcassets; sourceTree = "<group>"; };
		809639B225D7DFCF0038EFEE /* Base */ = {isa = PBXFileReference; lastKnownFileType = file.storyboard; name = Base; path = Base.lproj/LaunchScreen.storyboard; sourceTree = "<group>"; };
		809639B425D7DFCF0038EFEE /* Info.plist */ = {isa = PBXFileReference; lastKnownFileType = text.plist.xml; path = Info.plist; sourceTree = "<group>"; };
		809EE4E425F14DFE00D8A153 /* mockData.swift */ = {isa = PBXFileReference; lastKnownFileType = sourcecode.swift; path = mockData.swift; sourceTree = "<group>"; };
/* End PBXFileReference section */

/* Begin PBXFrameworksBuildPhase section */
		809639A025D7DFCE0038EFEE /* Frameworks */ = {
			isa = PBXFrameworksBuildPhase;
			buildActionMask = 2147483647;
			files = (
			);
			runOnlyForDeploymentPostprocessing = 0;
		};
/* End PBXFrameworksBuildPhase section */

/* Begin PBXGroup section */
		8001D50825ED8EFF002E6B9A /* Profile */ = {
			isa = PBXGroup;
			children = (
				8090483125E3C5B600E3BF35 /* ProfileViewController.swift */,
			);
			path = Profile;
			sourceTree = "<group>";
		};
		8001D50925ED8F07002E6B9A /* Extensions */ = {
			isa = PBXGroup;
			children = (
				8090482D25E3ADBF00E3BF35 /* ApplicationExt.swift */,
				8001D50F25ED9677002E6B9A /* DateExt.swift */,
			);
			path = Extensions;
			sourceTree = "<group>";
		};
		8001D50A25ED8F17002E6B9A /* Dialogs */ = {
			isa = PBXGroup;
			children = (
				8001D50D25ED8F66002E6B9A /* ConversationListViewController.swift */,
				8001D50C25ED8F2C002E6B9A /* Model */,
				8020EF9325EE8F2400DD0877 /* Detail */,
				8001D50B25ED8F1F002E6B9A /* Cells */,
			);
			path = Dialogs;
			sourceTree = "<group>";
		};
		8001D50B25ED8F1F002E6B9A /* Cells */ = {
			isa = PBXGroup;
			children = (
				8001D50425ED813F002E6B9A /* DialogTableViewCell.swift */,
				8034BABD25EEAF6B00685762 /* MyMessageTableViewCell.swift */,
				8034BAC125EEB13700685762 /* NotMyMessageTableViewCell.swift */,
				8034BAC225EEB13700685762 /* NotMyMessageTableViewCell.xib */,
				8034BABE25EEAF6B00685762 /* MyMessageTableViewCell.xib */,
			);
			path = Cells;
			sourceTree = "<group>";
		};
		8001D50C25ED8F2C002E6B9A /* Model */ = {
			isa = PBXGroup;
			children = (
				8001D50625ED8D24002E6B9A /* ConversationChatData.swift */,
				8020EF9825EE91F400DD0877 /* DetailedConversationChatModel.swift */,
			);
			path = Model;
			sourceTree = "<group>";
		};
		8020EF9325EE8F2400DD0877 /* Detail */ = {
			isa = PBXGroup;
			children = (
				8020EF9425EE8F3C00DD0877 /* ConversationViewController.swift */,
			);
			path = Detail;
			sourceTree = "<group>";
		};
		8096399A25D7DFCE0038EFEE = {
			isa = PBXGroup;
			children = (
				809639A525D7DFCE0038EFEE /* TinkoffChat */,
				809639A425D7DFCE0038EFEE /* Products */,
			);
			sourceTree = "<group>";
		};
		809639A425D7DFCE0038EFEE /* Products */ = {
			isa = PBXGroup;
			children = (
				809639A325D7DFCE0038EFEE /* TinkoffChat.app */,
			);
			name = Products;
			sourceTree = "<group>";
		};
		809639A525D7DFCE0038EFEE /* TinkoffChat */ = {
			isa = PBXGroup;
			children = (
				8090482F25E3AE7400E3BF35 /* Logger.swift */,
				809EE4E425F14DFE00D8A153 /* mockData.swift */,
				8001D50925ED8F07002E6B9A /* Extensions */,
				8001D50A25ED8F17002E6B9A /* Dialogs */,
				8001D50825ED8EFF002E6B9A /* Profile */,
				809639A625D7DFCE0038EFEE /* AppDelegate.swift */,
				809639AA25D7DFCE0038EFEE /* ViewController.swift */,
				809639AC25D7DFCE0038EFEE /* Main.storyboard */,
				809639AF25D7DFCF0038EFEE /* Assets.xcassets */,
				809639B125D7DFCF0038EFEE /* LaunchScreen.storyboard */,
				809639B425D7DFCF0038EFEE /* Info.plist */,
			);
			path = TinkoffChat;
			sourceTree = "<group>";
		};
/* End PBXGroup section */

/* Begin PBXNativeTarget section */
		809639A225D7DFCE0038EFEE /* TinkoffChat */ = {
			isa = PBXNativeTarget;
			buildConfigurationList = 809639B725D7DFCF0038EFEE /* Build configuration list for PBXNativeTarget "TinkoffChat" */;
			buildPhases = (
				8096399F25D7DFCE0038EFEE /* Sources */,
				809639A025D7DFCE0038EFEE /* Frameworks */,
				809639A125D7DFCE0038EFEE /* Resources */,
			);
			buildRules = (
			);
			dependencies = (
			);
			name = TinkoffChat;
			productName = TinkoffChat;
			productReference = 809639A325D7DFCE0038EFEE /* TinkoffChat.app */;
			productType = "com.apple.product-type.application";
		};
/* End PBXNativeTarget section */

/* Begin PBXProject section */
		8096399B25D7DFCE0038EFEE /* Project object */ = {
			isa = PBXProject;
			attributes = {
				LastSwiftUpdateCheck = 1240;
				LastUpgradeCheck = 1240;
				TargetAttributes = {
					809639A225D7DFCE0038EFEE = {
						CreatedOnToolsVersion = 12.4;
					};
				};
			};
			buildConfigurationList = 8096399E25D7DFCE0038EFEE /* Build configuration list for PBXProject "TinkoffChat" */;
			compatibilityVersion = "Xcode 9.3";
			developmentRegion = en;
			hasScannedForEncodings = 0;
			knownRegions = (
				en,
				Base,
			);
			mainGroup = 8096399A25D7DFCE0038EFEE;
			productRefGroup = 809639A425D7DFCE0038EFEE /* Products */;
			projectDirPath = "";
			projectRoot = "";
			targets = (
				809639A225D7DFCE0038EFEE /* TinkoffChat */,
			);
		};
/* End PBXProject section */

/* Begin PBXResourcesBuildPhase section */
		809639A125D7DFCE0038EFEE /* Resources */ = {
			isa = PBXResourcesBuildPhase;
			buildActionMask = 2147483647;
			files = (
				8034BAC425EEB13700685762 /* NotMyMessageTableViewCell.xib in Resources */,
				809639B325D7DFCF0038EFEE /* LaunchScreen.storyboard in Resources */,
				8034BAC025EEAF6B00685762 /* MyMessageTableViewCell.xib in Resources */,
				809639B025D7DFCF0038EFEE /* Assets.xcassets in Resources */,
				809639AE25D7DFCE0038EFEE /* Main.storyboard in Resources */,
			);
			runOnlyForDeploymentPostprocessing = 0;
		};
/* End PBXResourcesBuildPhase section */

/* Begin PBXSourcesBuildPhase section */
		8096399F25D7DFCE0038EFEE /* Sources */ = {
			isa = PBXSourcesBuildPhase;
			buildActionMask = 2147483647;
			files = (
				8090483025E3AE7400E3BF35 /* Logger.swift in Sources */,
				8090482E25E3ADBF00E3BF35 /* ApplicationExt.swift in Sources */,
				8020EF9525EE8F3C00DD0877 /* ConversationViewController.swift in Sources */,
				8090483225E3C5B600E3BF35 /* ProfileViewController.swift in Sources */,
				8001D50725ED8D24002E6B9A /* ConversationChatData.swift in Sources */,
				8020EF9925EE91F400DD0877 /* DetailedConversationChatModel.swift in Sources */,
				8034BABF25EEAF6B00685762 /* MyMessageTableViewCell.swift in Sources */,
				8001D50525ED813F002E6B9A /* DialogTableViewCell.swift in Sources */,
				809EE4E525F14DFE00D8A153 /* mockData.swift in Sources */,
				8001D50E25ED8F66002E6B9A /* ConversationListViewController.swift in Sources */,
				809639AB25D7DFCE0038EFEE /* ViewController.swift in Sources */,
				809639A725D7DFCE0038EFEE /* AppDelegate.swift in Sources */,
				8001D51025ED9677002E6B9A /* DateExt.swift in Sources */,
				8034BAC325EEB13700685762 /* NotMyMessageTableViewCell.swift in Sources */,
			);
			runOnlyForDeploymentPostprocessing = 0;
		};
/* End PBXSourcesBuildPhase section */

/* Begin PBXVariantGroup section */
		809639AC25D7DFCE0038EFEE /* Main.storyboard */ = {
			isa = PBXVariantGroup;
			children = (
				809639AD25D7DFCE0038EFEE /* Base */,
			);
			name = Main.storyboard;
			sourceTree = "<group>";
		};
		809639B125D7DFCF0038EFEE /* LaunchScreen.storyboard */ = {
			isa = PBXVariantGroup;
			children = (
				809639B225D7DFCF0038EFEE /* Base */,
			);
			name = LaunchScreen.storyboard;
			sourceTree = "<group>";
		};
/* End PBXVariantGroup section */

/* Begin XCBuildConfiguration section */
		809639B525D7DFCF0038EFEE /* Debug */ = {
			isa = XCBuildConfiguration;
			buildSettings = {
				ALWAYS_SEARCH_USER_PATHS = NO;
				CLANG_ANALYZER_NONNULL = YES;
				CLANG_ANALYZER_NUMBER_OBJECT_CONVERSION = YES_AGGRESSIVE;
				CLANG_CXX_LANGUAGE_STANDARD = "gnu++14";
				CLANG_CXX_LIBRARY = "libc++";
				CLANG_ENABLE_MODULES = YES;
				CLANG_ENABLE_OBJC_ARC = YES;
				CLANG_ENABLE_OBJC_WEAK = YES;
				CLANG_WARN_BLOCK_CAPTURE_AUTORELEASING = YES;
				CLANG_WARN_BOOL_CONVERSION = YES;
				CLANG_WARN_COMMA = YES;
				CLANG_WARN_CONSTANT_CONVERSION = YES;
				CLANG_WARN_DEPRECATED_OBJC_IMPLEMENTATIONS = YES;
				CLANG_WARN_DIRECT_OBJC_ISA_USAGE = YES_ERROR;
				CLANG_WARN_DOCUMENTATION_COMMENTS = YES;
				CLANG_WARN_EMPTY_BODY = YES;
				CLANG_WARN_ENUM_CONVERSION = YES;
				CLANG_WARN_INFINITE_RECURSION = YES;
				CLANG_WARN_INT_CONVERSION = YES;
				CLANG_WARN_NON_LITERAL_NULL_CONVERSION = YES;
				CLANG_WARN_OBJC_IMPLICIT_RETAIN_SELF = YES;
				CLANG_WARN_OBJC_LITERAL_CONVERSION = YES;
				CLANG_WARN_OBJC_ROOT_CLASS = YES_ERROR;
				CLANG_WARN_QUOTED_INCLUDE_IN_FRAMEWORK_HEADER = YES;
				CLANG_WARN_RANGE_LOOP_ANALYSIS = YES;
				CLANG_WARN_STRICT_PROTOTYPES = YES;
				CLANG_WARN_SUSPICIOUS_MOVE = YES;
				CLANG_WARN_UNGUARDED_AVAILABILITY = YES_AGGRESSIVE;
				CLANG_WARN_UNREACHABLE_CODE = YES;
				CLANG_WARN__DUPLICATE_METHOD_MATCH = YES;
				COPY_PHASE_STRIP = NO;
				DEBUG_INFORMATION_FORMAT = dwarf;
				ENABLE_STRICT_OBJC_MSGSEND = YES;
				ENABLE_TESTABILITY = YES;
				GCC_C_LANGUAGE_STANDARD = gnu11;
				GCC_DYNAMIC_NO_PIC = NO;
				GCC_NO_COMMON_BLOCKS = YES;
				GCC_OPTIMIZATION_LEVEL = 0;
				GCC_PREPROCESSOR_DEFINITIONS = (
					"DEBUG=1",
					"$(inherited)",
				);
				GCC_WARN_64_TO_32_BIT_CONVERSION = YES;
				GCC_WARN_ABOUT_RETURN_TYPE = YES_ERROR;
				GCC_WARN_UNDECLARED_SELECTOR = YES;
				GCC_WARN_UNINITIALIZED_AUTOS = YES_AGGRESSIVE;
				GCC_WARN_UNUSED_FUNCTION = YES;
				GCC_WARN_UNUSED_VARIABLE = YES;
				IPHONEOS_DEPLOYMENT_TARGET = 12.0;
				MTL_ENABLE_DEBUG_INFO = INCLUDE_SOURCE;
				MTL_FAST_MATH = YES;
				ONLY_ACTIVE_ARCH = YES;
				SDKROOT = iphoneos;
				SWIFT_ACTIVE_COMPILATION_CONDITIONS = DEBUG;
				SWIFT_OPTIMIZATION_LEVEL = "-Onone";
			};
			name = Debug;
		};
		809639B625D7DFCF0038EFEE /* Release */ = {
			isa = XCBuildConfiguration;
			buildSettings = {
				ALWAYS_SEARCH_USER_PATHS = NO;
				CLANG_ANALYZER_NONNULL = YES;
				CLANG_ANALYZER_NUMBER_OBJECT_CONVERSION = YES_AGGRESSIVE;
				CLANG_CXX_LANGUAGE_STANDARD = "gnu++14";
				CLANG_CXX_LIBRARY = "libc++";
				CLANG_ENABLE_MODULES = YES;
				CLANG_ENABLE_OBJC_ARC = YES;
				CLANG_ENABLE_OBJC_WEAK = YES;
				CLANG_WARN_BLOCK_CAPTURE_AUTORELEASING = YES;
				CLANG_WARN_BOOL_CONVERSION = YES;
				CLANG_WARN_COMMA = YES;
				CLANG_WARN_CONSTANT_CONVERSION = YES;
				CLANG_WARN_DEPRECATED_OBJC_IMPLEMENTATIONS = YES;
				CLANG_WARN_DIRECT_OBJC_ISA_USAGE = YES_ERROR;
				CLANG_WARN_DOCUMENTATION_COMMENTS = YES;
				CLANG_WARN_EMPTY_BODY = YES;
				CLANG_WARN_ENUM_CONVERSION = YES;
				CLANG_WARN_INFINITE_RECURSION = YES;
				CLANG_WARN_INT_CONVERSION = YES;
				CLANG_WARN_NON_LITERAL_NULL_CONVERSION = YES;
				CLANG_WARN_OBJC_IMPLICIT_RETAIN_SELF = YES;
				CLANG_WARN_OBJC_LITERAL_CONVERSION = YES;
				CLANG_WARN_OBJC_ROOT_CLASS = YES_ERROR;
				CLANG_WARN_QUOTED_INCLUDE_IN_FRAMEWORK_HEADER = YES;
				CLANG_WARN_RANGE_LOOP_ANALYSIS = YES;
				CLANG_WARN_STRICT_PROTOTYPES = YES;
				CLANG_WARN_SUSPICIOUS_MOVE = YES;
				CLANG_WARN_UNGUARDED_AVAILABILITY = YES_AGGRESSIVE;
				CLANG_WARN_UNREACHABLE_CODE = YES;
				CLANG_WARN__DUPLICATE_METHOD_MATCH = YES;
				COPY_PHASE_STRIP = NO;
				DEBUG_INFORMATION_FORMAT = "dwarf-with-dsym";
				ENABLE_NS_ASSERTIONS = NO;
				ENABLE_STRICT_OBJC_MSGSEND = YES;
				GCC_C_LANGUAGE_STANDARD = gnu11;
				GCC_NO_COMMON_BLOCKS = YES;
				GCC_WARN_64_TO_32_BIT_CONVERSION = YES;
				GCC_WARN_ABOUT_RETURN_TYPE = YES_ERROR;
				GCC_WARN_UNDECLARED_SELECTOR = YES;
				GCC_WARN_UNINITIALIZED_AUTOS = YES_AGGRESSIVE;
				GCC_WARN_UNUSED_FUNCTION = YES;
				GCC_WARN_UNUSED_VARIABLE = YES;
				IPHONEOS_DEPLOYMENT_TARGET = 12.0;
				MTL_ENABLE_DEBUG_INFO = NO;
				MTL_FAST_MATH = YES;
				SDKROOT = iphoneos;
				SWIFT_COMPILATION_MODE = wholemodule;
				SWIFT_OPTIMIZATION_LEVEL = "-O";
				VALIDATE_PRODUCT = YES;
			};
			name = Release;
		};
		809639B825D7DFCF0038EFEE /* Debug */ = {
			isa = XCBuildConfiguration;
			buildSettings = {
				ASSETCATALOG_COMPILER_APPICON_NAME = AppIcon;
				ASSETCATALOG_COMPILER_GLOBAL_ACCENT_COLOR_NAME = AccentColor;
				CODE_SIGN_STYLE = Automatic;
				DEVELOPMENT_TEAM = Z6TZXH8MS8;
				INFOPLIST_FILE = TinkoffChat/Info.plist;
				LD_RUNPATH_SEARCH_PATHS = (
					"$(inherited)",
					"@executable_path/Frameworks",
				);
				PRODUCT_BUNDLE_IDENTIFIER = com.nickyapp.TinkoffChat;
				PRODUCT_NAME = "$(TARGET_NAME)";
				SWIFT_VERSION = 5.0;
				TARGETED_DEVICE_FAMILY = 1;
			};
			name = Debug;
		};
		809639B925D7DFCF0038EFEE /* Release */ = {
			isa = XCBuildConfiguration;
			buildSettings = {
				ASSETCATALOG_COMPILER_APPICON_NAME = AppIcon;
				ASSETCATALOG_COMPILER_GLOBAL_ACCENT_COLOR_NAME = AccentColor;
				CODE_SIGN_STYLE = Automatic;
				DEVELOPMENT_TEAM = Z6TZXH8MS8;
				INFOPLIST_FILE = TinkoffChat/Info.plist;
				LD_RUNPATH_SEARCH_PATHS = (
					"$(inherited)",
					"@executable_path/Frameworks",
				);
				PRODUCT_BUNDLE_IDENTIFIER = com.nickyapp.TinkoffChat;
				PRODUCT_NAME = "$(TARGET_NAME)";
				SWIFT_VERSION = 5.0;
				TARGETED_DEVICE_FAMILY = 1;
			};
			name = Release;
		};
/* End XCBuildConfiguration section */

/* Begin XCConfigurationList section */
		8096399E25D7DFCE0038EFEE /* Build configuration list for PBXProject "TinkoffChat" */ = {
			isa = XCConfigurationList;
			buildConfigurations = (
				809639B525D7DFCF0038EFEE /* Debug */,
				809639B625D7DFCF0038EFEE /* Release */,
			);
			defaultConfigurationIsVisible = 0;
			defaultConfigurationName = Release;
		};
		809639B725D7DFCF0038EFEE /* Build configuration list for PBXNativeTarget "TinkoffChat" */ = {
			isa = XCConfigurationList;
			buildConfigurations = (
				809639B825D7DFCF0038EFEE /* Debug */,
				809639B925D7DFCF0038EFEE /* Release */,
			);
			defaultConfigurationIsVisible = 0;
			defaultConfigurationName = Release;
		};
/* End XCConfigurationList section */
	};
	rootObject = 8096399B25D7DFCE0038EFEE /* Project object */;
}
